# This file is automatically @generated by Cargo.
# It is not intended for manual editing.
version = 3

[[package]]
name = "ai"
version = "0.1.0"
dependencies = [
 "nn",
]

[[package]]
name = "nn"
version = "0.1.0"
source = "git+https://github.com/pro465/nn-rs.git#2a3d0cf26c826641eab44ea74025805e4406b6f4"
