# This file is automatically @generated by Cargo.
# It is not intended for manual editing.
version = 3

[[package]]
name = "ai"
version = "0.1.0"
dependencies = [
 "nn",
]

[[package]]
name = "nn"
version = "0.1.0"
source = "git+https://github.com/pro465/nn-rs.git#b0bbf1ec43057fd2429d3e52ded61c601b6b4184"
